
Microsoft Visual Studio Solution File, Format Version 12.00
# Visual Studio 15
VisualStudioVersion = 15.0.28307.1259
MinimumVisualStudioVersion = 10.0.40219.1
Project("{FAE04EC0-301F-11D3-BF4B-00C04F79EFBC}") = "LMSFinalProject.DATA.EF", "LMSFinalProject.DATA.EF\LMSFinalProject.DATA.EF.csproj", "{879F1AA3-10B6-4096-B9DE-C79B7E76EBCE}"
EndProject
Project("{FAE04EC0-301F-11D3-BF4B-00C04F79EFBC}") = "LMSFinalProject.UI.MVC", "LMSFinalProject.UI.MVC\LMSFinalProject.UI.MVC.csproj", "{A35FCE66-3144-433E-94CC-015DE0A0D0D6}"
EndProject
Global
	GlobalSection(SolutionConfigurationPlatforms) = preSolution
		Debug|Any CPU = Debug|Any CPU
		Release|Any CPU = Release|Any CPU
	EndGlobalSection
	GlobalSection(ProjectConfigurationPlatforms) = postSolution
		{879F1AA3-10B6-4096-B9DE-C79B7E76EBCE}.Debug|Any CPU.ActiveCfg = Debug|Any CPU
		{879F1AA3-10B6-4096-B9DE-C79B7E76EBCE}.Debug|Any CPU.Build.0 = Debug|Any CPU
		{879F1AA3-10B6-4096-B9DE-C79B7E76EBCE}.Release|Any CPU.ActiveCfg = Release|Any CPU
		{879F1AA3-10B6-4096-B9DE-C79B7E76EBCE}.Release|Any CPU.Build.0 = Release|Any CPU
		{A35FCE66-3144-433E-94CC-015DE0A0D0D6}.Debug|Any CPU.ActiveCfg = Debug|Any CPU
		{A35FCE66-3144-433E-94CC-015DE0A0D0D6}.Debug|Any CPU.Build.0 = Debug|Any CPU
		{A35FCE66-3144-433E-94CC-015DE0A0D0D6}.Release|Any CPU.ActiveCfg = Release|Any CPU
		{A35FCE66-3144-433E-94CC-015DE0A0D0D6}.Release|Any CPU.Build.0 = Release|Any CPU
	EndGlobalSection
	GlobalSection(SolutionProperties) = preSolution
		HideSolutionNode = FALSE
	EndGlobalSection
	GlobalSection(ExtensibilityGlobals) = postSolution
		SolutionGuid = {C744861E-ED03-43C9-B7CF-9A52EC3B10B3}
	EndGlobalSection
EndGlobal
